{
  "pins" : [
    {
      "identity" : "swift-argument-parser",
      "kind" : "remoteSourceControl",
      "location" : "https://github.com/apple/swift-argument-parser.git",
      "state" : {
        "revision" : "f3c9084a71ef4376f2fabbdf1d3d90a49f1fabdb",
        "version" : "1.1.2"
      }
    },
    {
      "identity" : "swift-async-shell",
      "kind" : "remoteSourceControl",
      "location" : "https://github.com/xnzg/swift-async-shell",
      "state" : {
        "revision" : "fb66e5a7dc22dde15d70e1de58363d99f48a24e9",
        "version" : "0.0.1"
      }
    }
  ],
  "version" : 2
}
